// !$*UTF8*$!
{
	archiveVersion = 1;
	classes = {
	};
	objectVersion = 46;
	objects = {

/* Begin PBXBuildFile section */
		DC2D31831D808D9A00E041FA /* Launch.storyboard in Resources */ = {isa = PBXBuildFile; fileRef = DC2D31821D808D9A00E041FA /* Launch.storyboard */; };
		DC2D31851D80D2CF00E041FA /* plantMines.swift in Sources */ = {isa = PBXBuildFile; fileRef = DC2D31841D80D2CF00E041FA /* plantMines.swift */; };
		DC2D31871D80D33D00E041FA /* Builder.swift in Sources */ = {isa = PBXBuildFile; fileRef = DC2D31861D80D33D00E041FA /* Builder.swift */; };
		DC7603801D46712E00B519F8 /* AppDelegate.swift in Sources */ = {isa = PBXBuildFile; fileRef = DC76037F1D46712E00B519F8 /* AppDelegate.swift */; };
		DC7603841D46712E00B519F8 /* GameScene.swift in Sources */ = {isa = PBXBuildFile; fileRef = DC7603831D46712E00B519F8 /* GameScene.swift */; };
		DC7603861D46712E00B519F8 /* GameViewController.swift in Sources */ = {isa = PBXBuildFile; fileRef = DC7603851D46712E00B519F8 /* GameViewController.swift */; };
		DC7603891D46712E00B519F8 /* Main.storyboard in Resources */ = {isa = PBXBuildFile; fileRef = DC7603871D46712E00B519F8 /* Main.storyboard */; };
		DC76038B1D46712E00B519F8 /* Assets.xcassets in Resources */ = {isa = PBXBuildFile; fileRef = DC76038A1D46712E00B519F8 /* Assets.xcassets */; };
		DC81DC701DD6A6ED00B2727A /* Victory.swift in Sources */ = {isa = PBXBuildFile; fileRef = DC81DC6F1DD6A6ED00B2727A /* Victory.swift */; };
		DC979B4F1DDA9CC9000E9498 /* CustomButton.swift in Sources */ = {isa = PBXBuildFile; fileRef = DC979B4E1DDA9CC9000E9498 /* CustomButton.swift */; };
		DCA9A31B1D48648800070E7F /* Map.swift in Sources */ = {isa = PBXBuildFile; fileRef = DCA9A31A1D48648800070E7F /* Map.swift */; };
		DCB7DE651DDAE26C003721ED /* backgroundimage.swift in Sources */ = {isa = PBXBuildFile; fileRef = DCB7DE641DDAE26C003721ED /* backgroundimage.swift */; };
		DCC394551E12DAA50002DCA7 /* scoredelegate.swift in Sources */ = {isa = PBXBuildFile; fileRef = DCC394541E12DAA50002DCA7 /* scoredelegate.swift */; };
		DCDD0FB91D4B9873005F9199 /* Coordinate.swift in Sources */ = {isa = PBXBuildFile; fileRef = DCDD0FB81D4B9873005F9199 /* Coordinate.swift */; };
		DCDD0FBB1D4B98CD005F9199 /* Tile.swift in Sources */ = {isa = PBXBuildFile; fileRef = DCDD0FBA1D4B98CD005F9199 /* Tile.swift */; };
		DCDD0FBD1D4B994F005F9199 /* TerrainGenerator.swift in Sources */ = {isa = PBXBuildFile; fileRef = DCDD0FBC1D4B994F005F9199 /* TerrainGenerator.swift */; };
		DCDD0FBF1D4B9B64005F9199 /* RandomTerrainGenerator.swift in Sources */ = {isa = PBXBuildFile; fileRef = DCDD0FBE1D4B9B64005F9199 /* RandomTerrainGenerator.swift */; };
		DCE9F7741DE4075F001DC354 /* saveddata.swift in Sources */ = {isa = PBXBuildFile; fileRef = DCE9F7731DE4075F001DC354 /* saveddata.swift */; };
/* End PBXBuildFile section */

/* Begin PBXFileReference section */
		DC2D31821D808D9A00E041FA /* Launch.storyboard */ = {isa = PBXFileReference; fileEncoding = 4; lastKnownFileType = file.storyboard; path = Launch.storyboard; sourceTree = "<group>"; };
		DC2D31841D80D2CF00E041FA /* plantMines.swift */ = {isa = PBXFileReference; fileEncoding = 4; lastKnownFileType = sourcecode.swift; path = plantMines.swift; sourceTree = "<group>"; };
		DC2D31861D80D33D00E041FA /* Builder.swift */ = {isa = PBXFileReference; fileEncoding = 4; lastKnownFileType = sourcecode.swift; path = Builder.swift; sourceTree = "<group>"; };
		DC76037C1D46712E00B519F8 /* Hex-Sweep.app */ = {isa = PBXFileReference; explicitFileType = wrapper.application; includeInIndex = 0; path = "Hex-Sweep.app"; sourceTree = BUILT_PRODUCTS_DIR; };
		DC76037F1D46712E00B519F8 /* AppDelegate.swift */ = {isa = PBXFileReference; lastKnownFileType = sourcecode.swift; path = AppDelegate.swift; sourceTree = "<group>"; };
		DC7603831D46712E00B519F8 /* GameScene.swift */ = {isa = PBXFileReference; lastKnownFileType = sourcecode.swift; path = GameScene.swift; sourceTree = "<group>"; };
		DC7603851D46712E00B519F8 /* GameViewController.swift */ = {isa = PBXFileReference; lastKnownFileType = sourcecode.swift; path = GameViewController.swift; sourceTree = "<group>"; };
		DC7603881D46712E00B519F8 /* Base */ = {isa = PBXFileReference; lastKnownFileType = file.storyboard; name = Base; path = Base.lproj/Main.storyboard; sourceTree = "<group>"; };
		DC76038A1D46712E00B519F8 /* Assets.xcassets */ = {isa = PBXFileReference; lastKnownFileType = folder.assetcatalog; path = Assets.xcassets; sourceTree = "<group>"; };
		DC76038F1D46712E00B519F8 /* Info.plist */ = {isa = PBXFileReference; lastKnownFileType = text.plist.xml; path = Info.plist; sourceTree = "<group>"; };
		DC81DC6F1DD6A6ED00B2727A /* Victory.swift */ = {isa = PBXFileReference; fileEncoding = 4; lastKnownFileType = sourcecode.swift; path = Victory.swift; sourceTree = "<group>"; };
		DC979B4E1DDA9CC9000E9498 /* CustomButton.swift */ = {isa = PBXFileReference; fileEncoding = 4; lastKnownFileType = sourcecode.swift; path = CustomButton.swift; sourceTree = "<group>"; };
		DCA9A31A1D48648800070E7F /* Map.swift */ = {isa = PBXFileReference; fileEncoding = 4; lastKnownFileType = sourcecode.swift; path = Map.swift; sourceTree = "<group>"; };
		DCB7DE641DDAE26C003721ED /* backgroundimage.swift */ = {isa = PBXFileReference; fileEncoding = 4; lastKnownFileType = sourcecode.swift; path = backgroundimage.swift; sourceTree = "<group>"; };
		DCC394541E12DAA50002DCA7 /* scoredelegate.swift */ = {isa = PBXFileReference; fileEncoding = 4; lastKnownFileType = sourcecode.swift; path = scoredelegate.swift; sourceTree = "<group>"; };
		DCDD0FB81D4B9873005F9199 /* Coordinate.swift */ = {isa = PBXFileReference; fileEncoding = 4; lastKnownFileType = sourcecode.swift; path = Coordinate.swift; sourceTree = "<group>"; };
		DCDD0FBA1D4B98CD005F9199 /* Tile.swift */ = {isa = PBXFileReference; fileEncoding = 4; lastKnownFileType = sourcecode.swift; path = Tile.swift; sourceTree = "<group>"; };
		DCDD0FBC1D4B994F005F9199 /* TerrainGenerator.swift */ = {isa = PBXFileReference; fileEncoding = 4; lastKnownFileType = sourcecode.swift; path = TerrainGenerator.swift; sourceTree = "<group>"; };
		DCDD0FBE1D4B9B64005F9199 /* RandomTerrainGenerator.swift */ = {isa = PBXFileReference; fileEncoding = 4; lastKnownFileType = sourcecode.swift; path = RandomTerrainGenerator.swift; sourceTree = "<group>"; };
		DCE9F7731DE4075F001DC354 /* saveddata.swift */ = {isa = PBXFileReference; fileEncoding = 4; lastKnownFileType = sourcecode.swift; path = saveddata.swift; sourceTree = "<group>"; };
/* End PBXFileReference section */

/* Begin PBXFrameworksBuildPhase section */
		DC7603791D46712E00B519F8 /* Frameworks */ = {
			isa = PBXFrameworksBuildPhase;
			buildActionMask = 2147483647;
			files = (
			);
			runOnlyForDeploymentPostprocessing = 0;
		};
/* End PBXFrameworksBuildPhase section */

/* Begin PBXGroup section */
		DC7603731D46712E00B519F8 = {
			isa = PBXGroup;
			children = (
				DC2D31821D808D9A00E041FA /* Launch.storyboard */,
				DC76037E1D46712E00B519F8 /* Hex-Sweep */,
				DC76037D1D46712E00B519F8 /* Products */,
			);
			sourceTree = "<group>";
		};
		DC76037D1D46712E00B519F8 /* Products */ = {
			isa = PBXGroup;
			children = (
				DC76037C1D46712E00B519F8 /* Hex-Sweep.app */,
			);
			name = Products;
			sourceTree = "<group>";
		};
		DC76037E1D46712E00B519F8 /* Hex-Sweep */ = {
			isa = PBXGroup;
			children = (
				DC76037F1D46712E00B519F8 /* AppDelegate.swift */,
				DC7603831D46712E00B519F8 /* GameScene.swift */,
				DCC394541E12DAA50002DCA7 /* scoredelegate.swift */,
				DC2D31841D80D2CF00E041FA /* plantMines.swift */,
				DCB7DE641DDAE26C003721ED /* backgroundimage.swift */,
				DCDD0FC41D4BA46D005F9199 /* mapDetails */,
				DC7603851D46712E00B519F8 /* GameViewController.swift */,
				DCE9F7731DE4075F001DC354 /* saveddata.swift */,
				DC7603871D46712E00B519F8 /* Main.storyboard */,
				DC76038A1D46712E00B519F8 /* Assets.xcassets */,
				DC76038F1D46712E00B519F8 /* Info.plist */,
			);
			name = "Hex-Sweep";
			path = HexNav;
			sourceTree = "<group>";
		};
		DCDD0FC41D4BA46D005F9199 /* mapDetails */ = {
			isa = PBXGroup;
			children = (
				DCDD0FBE1D4B9B64005F9199 /* RandomTerrainGenerator.swift */,
				DCDD0FBC1D4B994F005F9199 /* TerrainGenerator.swift */,
				DC2D31861D80D33D00E041FA /* Builder.swift */,
				DCDD0FBA1D4B98CD005F9199 /* Tile.swift */,
				DC81DC6F1DD6A6ED00B2727A /* Victory.swift */,
				DC979B4E1DDA9CC9000E9498 /* CustomButton.swift */,
				DCDD0FB81D4B9873005F9199 /* Coordinate.swift */,
				DCA9A31A1D48648800070E7F /* Map.swift */,
			);
			name = mapDetails;
			sourceTree = "<group>";
		};
/* End PBXGroup section */

/* Begin PBXNativeTarget section */
		DC76037B1D46712E00B519F8 /* Hex-Sweep */ = {
			isa = PBXNativeTarget;
			buildConfigurationList = DC7603921D46712E00B519F8 /* Build configuration list for PBXNativeTarget "Hex-Sweep" */;
			buildPhases = (
				DC7603781D46712E00B519F8 /* Sources */,
				DC7603791D46712E00B519F8 /* Frameworks */,
				DC76037A1D46712E00B519F8 /* Resources */,
			);
			buildRules = (
			);
			dependencies = (
			);
			name = "Hex-Sweep";
			productName = HexNav;
			productReference = DC76037C1D46712E00B519F8 /* Hex-Sweep.app */;
			productType = "com.apple.product-type.application";
		};
/* End PBXNativeTarget section */

/* Begin PBXProject section */
		DC7603741D46712E00B519F8 /* Project object */ = {
			isa = PBXProject;
			attributes = {
				LastSwiftUpdateCheck = 0730;
				LastUpgradeCheck = 0800;
				ORGANIZATIONNAME = "Robert Snyder";
				TargetAttributes = {
					DC76037B1D46712E00B519F8 = {
						CreatedOnToolsVersion = 7.3.1;
						LastSwiftMigration = 0800;
						ProvisioningStyle = Manual;
					};
				};
			};
			buildConfigurationList = DC7603771D46712E00B519F8 /* Build configuration list for PBXProject "Hex-Sweep" */;
			compatibilityVersion = "Xcode 3.2";
			developmentRegion = English;
			hasScannedForEncodings = 0;
			knownRegions = (
				en,
				Base,
			);
			mainGroup = DC7603731D46712E00B519F8;
			productRefGroup = DC76037D1D46712E00B519F8 /* Products */;
			projectDirPath = "";
			projectRoot = "";
			targets = (
				DC76037B1D46712E00B519F8 /* Hex-Sweep */,
			);
		};
/* End PBXProject section */

/* Begin PBXResourcesBuildPhase section */
		DC76037A1D46712E00B519F8 /* Resources */ = {
			isa = PBXResourcesBuildPhase;
			buildActionMask = 2147483647;
			files = (
				DC76038B1D46712E00B519F8 /* Assets.xcassets in Resources */,
				DC2D31831D808D9A00E041FA /* Launch.storyboard in Resources */,
				DC7603891D46712E00B519F8 /* Main.storyboard in Resources */,
			);
			runOnlyForDeploymentPostprocessing = 0;
		};
/* End PBXResourcesBuildPhase section */

/* Begin PBXSourcesBuildPhase section */
		DC7603781D46712E00B519F8 /* Sources */ = {
			isa = PBXSourcesBuildPhase;
			buildActionMask = 2147483647;
			files = (
				DC7603841D46712E00B519F8 /* GameScene.swift in Sources */,
				DC2D31851D80D2CF00E041FA /* plantMines.swift in Sources */,
				DCB7DE651DDAE26C003721ED /* backgroundimage.swift in Sources */,
				DC7603861D46712E00B519F8 /* GameViewController.swift in Sources */,
				DCA9A31B1D48648800070E7F /* Map.swift in Sources */,
				DC81DC701DD6A6ED00B2727A /* Victory.swift in Sources */,
				DCDD0FBB1D4B98CD005F9199 /* Tile.swift in Sources */,
				DCDD0FBF1D4B9B64005F9199 /* RandomTerrainGenerator.swift in Sources */,
				DCC394551E12DAA50002DCA7 /* scoredelegate.swift in Sources */,
				DC979B4F1DDA9CC9000E9498 /* CustomButton.swift in Sources */,
				DC7603801D46712E00B519F8 /* AppDelegate.swift in Sources */,
				DCDD0FB91D4B9873005F9199 /* Coordinate.swift in Sources */,
				DCDD0FBD1D4B994F005F9199 /* TerrainGenerator.swift in Sources */,
				DC2D31871D80D33D00E041FA /* Builder.swift in Sources */,
				DCE9F7741DE4075F001DC354 /* saveddata.swift in Sources */,
			);
			runOnlyForDeploymentPostprocessing = 0;
		};
/* End PBXSourcesBuildPhase section */

/* Begin PBXVariantGroup section */
		DC7603871D46712E00B519F8 /* Main.storyboard */ = {
			isa = PBXVariantGroup;
			children = (
				DC7603881D46712E00B519F8 /* Base */,
			);
			name = Main.storyboard;
			sourceTree = "<group>";
		};
/* End PBXVariantGroup section */

/* Begin XCBuildConfiguration section */
		DC7603901D46712E00B519F8 /* Debug */ = {
			isa = XCBuildConfiguration;
			buildSettings = {
				ALWAYS_SEARCH_USER_PATHS = NO;
				CLANG_ANALYZER_NONNULL = YES;
				CLANG_CXX_LANGUAGE_STANDARD = "gnu++0x";
				CLANG_CXX_LIBRARY = "libc++";
				CLANG_ENABLE_MODULES = YES;
				CLANG_ENABLE_OBJC_ARC = YES;
				CLANG_WARN_BOOL_CONVERSION = YES;
				CLANG_WARN_CONSTANT_CONVERSION = YES;
				CLANG_WARN_DIRECT_OBJC_ISA_USAGE = YES_ERROR;
				CLANG_WARN_EMPTY_BODY = YES;
				CLANG_WARN_ENUM_CONVERSION = YES;
				CLANG_WARN_INFINITE_RECURSION = YES;
				CLANG_WARN_INT_CONVERSION = YES;
				CLANG_WARN_OBJC_ROOT_CLASS = YES_ERROR;
				CLANG_WARN_SUSPICIOUS_MOVE = YES;
				CLANG_WARN_UNREACHABLE_CODE = YES;
				CLANG_WARN__DUPLICATE_METHOD_MATCH = YES;
				"CODE_SIGN_IDENTITY[sdk=iphoneos*]" = "iPhone Developer";
				COPY_PHASE_STRIP = NO;
				DEBUG_INFORMATION_FORMAT = "dwarf-with-dsym";
				ENABLE_STRICT_OBJC_MSGSEND = YES;
				ENABLE_TESTABILITY = YES;
				GCC_C_LANGUAGE_STANDARD = gnu99;
				GCC_DYNAMIC_NO_PIC = NO;
				GCC_NO_COMMON_BLOCKS = YES;
				GCC_OPTIMIZATION_LEVEL = 0;
				GCC_PREPROCESSOR_DEFINITIONS = (
					"DEBUG=1",
					"$(inherited)",
				);
				GCC_WARN_64_TO_32_BIT_CONVERSION = YES;
				GCC_WARN_ABOUT_RETURN_TYPE = YES_ERROR;
				GCC_WARN_UNDECLARED_SELECTOR = YES;
				GCC_WARN_UNINITIALIZED_AUTOS = YES_AGGRESSIVE;
				GCC_WARN_UNUSED_FUNCTION = YES;
				GCC_WARN_UNUSED_VARIABLE = YES;
				IPHONEOS_DEPLOYMENT_TARGET = 10.0;
				MTL_ENABLE_DEBUG_INFO = YES;
				ONLY_ACTIVE_ARCH = YES;
				SDKROOT = iphoneos;
				SWIFT_OPTIMIZATION_LEVEL = "-Onone";
				TARGETED_DEVICE_FAMILY = "1,2";
			};
			name = Debug;
		};
		DC7603911D46712E00B519F8 /* Release */ = {
			isa = XCBuildConfiguration;
			buildSettings = {
				ALWAYS_SEARCH_USER_PATHS = NO;
				CLANG_ANALYZER_NONNULL = YES;
				CLANG_CXX_LANGUAGE_STANDARD = "gnu++0x";
				CLANG_CXX_LIBRARY = "libc++";
				CLANG_ENABLE_MODULES = YES;
				CLANG_ENABLE_OBJC_ARC = YES;
				CLANG_WARN_BOOL_CONVERSION = YES;
				CLANG_WARN_CONSTANT_CONVERSION = YES;
				CLANG_WARN_DIRECT_OBJC_ISA_USAGE = YES_ERROR;
				CLANG_WARN_EMPTY_BODY = YES;
				CLANG_WARN_ENUM_CONVERSION = YES;
				CLANG_WARN_INFINITE_RECURSION = YES;
				CLANG_WARN_INT_CONVERSION = YES;
				CLANG_WARN_OBJC_ROOT_CLASS = YES_ERROR;
				CLANG_WARN_SUSPICIOUS_MOVE = YES;
				CLANG_WARN_UNREACHABLE_CODE = YES;
				CLANG_WARN__DUPLICATE_METHOD_MATCH = YES;
				"CODE_SIGN_IDENTITY[sdk=iphoneos*]" = "iPhone Developer";
				COPY_PHASE_STRIP = NO;
				DEBUG_INFORMATION_FORMAT = "dwarf-with-dsym";
				ENABLE_NS_ASSERTIONS = NO;
				ENABLE_STRICT_OBJC_MSGSEND = YES;
				GCC_C_LANGUAGE_STANDARD = gnu99;
				GCC_NO_COMMON_BLOCKS = YES;
				GCC_WARN_64_TO_32_BIT_CONVERSION = YES;
				GCC_WARN_ABOUT_RETURN_TYPE = YES_ERROR;
				GCC_WARN_UNDECLARED_SELECTOR = YES;
				GCC_WARN_UNINITIALIZED_AUTOS = YES_AGGRESSIVE;
				GCC_WARN_UNUSED_FUNCTION = YES;
				GCC_WARN_UNUSED_VARIABLE = YES;
				IPHONEOS_DEPLOYMENT_TARGET = 10.0;
				MTL_ENABLE_DEBUG_INFO = NO;
				SDKROOT = iphoneos;
				SWIFT_OPTIMIZATION_LEVEL = "-Owholemodule";
				TARGETED_DEVICE_FAMILY = "1,2";
				VALIDATE_PRODUCT = YES;
			};
			name = Release;
		};
		DC7603931D46712E00B519F8 /* Debug */ = {
			isa = XCBuildConfiguration;
			buildSettings = {
				ASSETCATALOG_COMPILER_APPICON_NAME = AppIcon;
				CODE_SIGN_IDENTITY = "iPhone Developer";
				"CODE_SIGN_IDENTITY[sdk=iphoneos*]" = "iPhone Developer";
				DEVELOPMENT_TEAM = "";
				INFOPLIST_FILE = HexNav/Info.plist;
				IPHONEOS_DEPLOYMENT_TARGET = 8.0;
				LD_RUNPATH_SEARCH_PATHS = "$(inherited) @executable_path/Frameworks";
				PRODUCT_BUNDLE_IDENTIFIER = something.builder.notproduction;
				PRODUCT_NAME = "Hex-Sweep";
				SWIFT_VERSION = 3.0;
				TARGETED_DEVICE_FAMILY = 1;
			};
			name = Debug;
		};
		DC7603941D46712E00B519F8 /* Release */ = {
			isa = XCBuildConfiguration;
			buildSettings = {
				ASSETCATALOG_COMPILER_APPICON_NAME = AppIcon;
				CODE_SIGN_IDENTITY = "iPhone Developer";
				"CODE_SIGN_IDENTITY[sdk=iphoneos*]" = "iPhone Developer";
				DEVELOPMENT_TEAM = "";
				INFOPLIST_FILE = HexNav/Info.plist;
				IPHONEOS_DEPLOYMENT_TARGET = 8.0;
				LD_RUNPATH_SEARCH_PATHS = "$(inherited) @executable_path/Frameworks";
				PRODUCT_BUNDLE_IDENTIFIER = something.builder.notproduction;
				PRODUCT_NAME = "Hex-Sweep";
				SWIFT_VERSION = 3.0;
				TARGETED_DEVICE_FAMILY = 1;
			};
			name = Release;
		};
/* End XCBuildConfiguration section */

/* Begin XCConfigurationList section */
		DC7603771D46712E00B519F8 /* Build configuration list for PBXProject "Hex-Sweep" */ = {
			isa = XCConfigurationList;
			buildConfigurations = (
				DC7603901D46712E00B519F8 /* Debug */,
				DC7603911D46712E00B519F8 /* Release */,
			);
			defaultConfigurationIsVisible = 0;
			defaultConfigurationName = Release;
		};
		DC7603921D46712E00B519F8 /* Build configuration list for PBXNativeTarget "Hex-Sweep" */ = {
			isa = XCConfigurationList;
			buildConfigurations = (
				DC7603931D46712E00B519F8 /* Debug */,
				DC7603941D46712E00B519F8 /* Release */,
			);
			defaultConfigurationIsVisible = 0;
			defaultConfigurationName = Release;
		};
/* End XCConfigurationList section */
	};
	rootObject = DC7603741D46712E00B519F8 /* Project object */;
}
